{
  "requires": true,
  "lockfileVersion": 1,
  "dependencies": {
    "fishertest1": {
      "version": "0.0.2",
      "resolved": "https://registry.npmjs.org/fishertest1/-/fishertest1-0.0.2.tgz",
      "integrity": "sha512-Y8Kls8I22DAYHLLS2h1U1bBJB1lrbBEOsW5qiQStolAdJRPrWLF9T0Puo9KSec1q2Bk3WVrSuRvnBjpyiJ9BMA=="
    }
  }
}
